
Microsoft Visual Studio Solution File, Format Version 12.00
# Visual Studio Version 16
VisualStudioVersion = 16.0.30907.101
MinimumVisualStudioVersion = 10.0.40219.1
Project("{2150E333-8FDC-42A3-9474-1A3956D46DE8}") = "Source", "Source", "{EE9C71DF-C7FF-43B8-A15F-9A2D0FC9276B}"
EndProject
Project("{2150E333-8FDC-42A3-9474-1A3956D46DE8}") = "Web", "Web", "{1050F80B-DE36-4CD5-B4AF-845C86A7883B}"
EndProject
Project("{2150E333-8FDC-42A3-9474-1A3956D46DE8}") = "Core", "Core", "{B874E687-F800-401B-B15A-B561AABA61CE}"
EndProject
Project("{2150E333-8FDC-42A3-9474-1A3956D46DE8}") = "Infrastructure", "Infrastructure", "{9E75E43A-6F12-4396-92EC-230CE97D4CB6}"
EndProject
Project("{2150E333-8FDC-42A3-9474-1A3956D46DE8}") = "Test", "Test", "{26E85C2D-DAEA-46A5-9948-935701A371BA}"
EndProject
Project("{2150E333-8FDC-42A3-9474-1A3956D46DE8}") = "Scripts", "Scripts", "{092894B1-0084-491B-9A06-4EED25C56161}"
EndProject
Project("{9A19103F-16F7-4668-BE54-9A1E7A4F7556}") = "DA.WebAPI", "DA.WebAPI\DA.WebAPI.csproj", "{FC61A7FE-65BE-41D9-8920-45D9F20A332E}"
EndProject
Project("{9A19103F-16F7-4668-BE54-9A1E7A4F7556}") = "DA.Domain", "DA.Domain\DA.Domain.csproj", "{91E295F7-BEC5-4F2C-91AD-576E7C59DD99}"
EndProject
Project("{9A19103F-16F7-4668-BE54-9A1E7A4F7556}") = "DA.Application", "DA.Application\DA.Application.csproj", "{073FD11F-3099-4E56-A304-E989347F5E01}"
EndProject
Project("{9A19103F-16F7-4668-BE54-9A1E7A4F7556}") = "DA.Persistence", "DA.Persistence\DA.Persistence.csproj", "{0E4151B2-7700-4185-BCCB-4184FE93BD9D}"
EndProject
Project("{2150E333-8FDC-42A3-9474-1A3956D46DE8}") = "Database", "Database", "{341E9923-D439-4DF6-A8E5-63D00BE291EE}"
	ProjectSection(SolutionItems) = preProject
		..\..\Design\Database\AssetImageAfterDelete.sql = ..\..\Design\Database\AssetImageAfterDelete.sql
		..\..\Design\Database\AssetImageAfterInsertOrUpdate.sql = ..\..\Design\Database\AssetImageAfterInsertOrUpdate.sql
		..\..\Design\Database\AssetProductImageAfterDelete.sql = ..\..\Design\Database\AssetProductImageAfterDelete.sql
		..\..\Design\Database\AssetProductImageAfterInsertOrUpdate.sql = ..\..\Design\Database\AssetProductImageAfterInsertOrUpdate.sql
		..\..\Design\Database\CreateScript.sql = ..\..\Design\Database\CreateScript.sql
		..\..\Design\Database\DropScript.sql = ..\..\Design\Database\DropScript.sql
		..\..\Design\Database\SeedScript.sql = ..\..\Design\Database\SeedScript.sql
	EndProjectSection
EndProject
Project("{9A19103F-16F7-4668-BE54-9A1E7A4F7556}") = "DA.Infra.Shared", "DA.Infra.Shared\DA.Infra.Shared.csproj", "{D8BC4A85-FF28-4C1B-83C9-3BBC36F84044}"
EndProject
Project("{2150E333-8FDC-42A3-9474-1A3956D46DE8}") = "WebJobs", "WebJobs", "{DCEA1C33-EADD-43F2-BBF0-FDE49E8BA47C}"
EndProject
Project("{9A19103F-16F7-4668-BE54-9A1E7A4F7556}") = "DA.AssetsImporter", "DA.AssetsImporter\DA.AssetsImporter.csproj", "{2D328202-35D5-40BB-9852-E2351368F884}"
EndProject
Global
	GlobalSection(SolutionConfigurationPlatforms) = preSolution
		Debug|Any CPU = Debug|Any CPU
		Release|Any CPU = Release|Any CPU
	EndGlobalSection
	GlobalSection(ProjectConfigurationPlatforms) = postSolution
		{FC61A7FE-65BE-41D9-8920-45D9F20A332E}.Debug|Any CPU.ActiveCfg = Debug|Any CPU
		{FC61A7FE-65BE-41D9-8920-45D9F20A332E}.Debug|Any CPU.Build.0 = Debug|Any CPU
		{FC61A7FE-65BE-41D9-8920-45D9F20A332E}.Release|Any CPU.ActiveCfg = Release|Any CPU
		{FC61A7FE-65BE-41D9-8920-45D9F20A332E}.Release|Any CPU.Build.0 = Release|Any CPU
		{91E295F7-BEC5-4F2C-91AD-576E7C59DD99}.Debug|Any CPU.ActiveCfg = Debug|Any CPU
		{91E295F7-BEC5-4F2C-91AD-576E7C59DD99}.Debug|Any CPU.Build.0 = Debug|Any CPU
		{91E295F7-BEC5-4F2C-91AD-576E7C59DD99}.Release|Any CPU.ActiveCfg = Release|Any CPU
		{91E295F7-BEC5-4F2C-91AD-576E7C59DD99}.Release|Any CPU.Build.0 = Release|Any CPU
		{073FD11F-3099-4E56-A304-E989347F5E01}.Debug|Any CPU.ActiveCfg = Debug|Any CPU
		{073FD11F-3099-4E56-A304-E989347F5E01}.Debug|Any CPU.Build.0 = Debug|Any CPU
		{073FD11F-3099-4E56-A304-E989347F5E01}.Release|Any CPU.ActiveCfg = Release|Any CPU
		{073FD11F-3099-4E56-A304-E989347F5E01}.Release|Any CPU.Build.0 = Release|Any CPU
		{0E4151B2-7700-4185-BCCB-4184FE93BD9D}.Debug|Any CPU.ActiveCfg = Debug|Any CPU
		{0E4151B2-7700-4185-BCCB-4184FE93BD9D}.Debug|Any CPU.Build.0 = Debug|Any CPU
		{0E4151B2-7700-4185-BCCB-4184FE93BD9D}.Release|Any CPU.ActiveCfg = Release|Any CPU
		{0E4151B2-7700-4185-BCCB-4184FE93BD9D}.Release|Any CPU.Build.0 = Release|Any CPU
		{D8BC4A85-FF28-4C1B-83C9-3BBC36F84044}.Debug|Any CPU.ActiveCfg = Debug|Any CPU
		{D8BC4A85-FF28-4C1B-83C9-3BBC36F84044}.Debug|Any CPU.Build.0 = Debug|Any CPU
		{D8BC4A85-FF28-4C1B-83C9-3BBC36F84044}.Release|Any CPU.ActiveCfg = Release|Any CPU
		{D8BC4A85-FF28-4C1B-83C9-3BBC36F84044}.Release|Any CPU.Build.0 = Release|Any CPU
		{2D328202-35D5-40BB-9852-E2351368F884}.Debug|Any CPU.ActiveCfg = Debug|Any CPU
		{2D328202-35D5-40BB-9852-E2351368F884}.Debug|Any CPU.Build.0 = Debug|Any CPU
		{2D328202-35D5-40BB-9852-E2351368F884}.Release|Any CPU.ActiveCfg = Release|Any CPU
		{2D328202-35D5-40BB-9852-E2351368F884}.Release|Any CPU.Build.0 = Release|Any CPU
	EndGlobalSection
	GlobalSection(SolutionProperties) = preSolution
		HideSolutionNode = FALSE
	EndGlobalSection
	GlobalSection(NestedProjects) = preSolution
		{1050F80B-DE36-4CD5-B4AF-845C86A7883B} = {EE9C71DF-C7FF-43B8-A15F-9A2D0FC9276B}
		{B874E687-F800-401B-B15A-B561AABA61CE} = {EE9C71DF-C7FF-43B8-A15F-9A2D0FC9276B}
		{9E75E43A-6F12-4396-92EC-230CE97D4CB6} = {EE9C71DF-C7FF-43B8-A15F-9A2D0FC9276B}
		{FC61A7FE-65BE-41D9-8920-45D9F20A332E} = {1050F80B-DE36-4CD5-B4AF-845C86A7883B}
		{91E295F7-BEC5-4F2C-91AD-576E7C59DD99} = {B874E687-F800-401B-B15A-B561AABA61CE}
		{073FD11F-3099-4E56-A304-E989347F5E01} = {B874E687-F800-401B-B15A-B561AABA61CE}
		{0E4151B2-7700-4185-BCCB-4184FE93BD9D} = {9E75E43A-6F12-4396-92EC-230CE97D4CB6}
		{341E9923-D439-4DF6-A8E5-63D00BE291EE} = {092894B1-0084-491B-9A06-4EED25C56161}
		{D8BC4A85-FF28-4C1B-83C9-3BBC36F84044} = {9E75E43A-6F12-4396-92EC-230CE97D4CB6}
		{DCEA1C33-EADD-43F2-BBF0-FDE49E8BA47C} = {EE9C71DF-C7FF-43B8-A15F-9A2D0FC9276B}
		{2D328202-35D5-40BB-9852-E2351368F884} = {DCEA1C33-EADD-43F2-BBF0-FDE49E8BA47C}
	EndGlobalSection
	GlobalSection(ExtensibilityGlobals) = postSolution
		SolutionGuid = {63DA7949-636C-406A-95D1-E9709AD9432F}
	EndGlobalSection
EndGlobal
